
Microsoft Visual Studio Solution File, Format Version 12.00
# Visual Studio Version 17
VisualStudioVersion = 17.11.35303.130
MinimumVisualStudioVersion = 10.0.40219.1
Project("{FAE04EC0-301F-11D3-BF4B-00C04F79EFBC}") = "kt 6", "kt 6\kt 6.csproj", "{FFDB136C-49E1-4FEA-B335-4C4C0E48DB4D}"
EndProject
Global
	GlobalSection(SolutionConfigurationPlatforms) = preSolution
		Debug|Any CPU = Debug|Any CPU
		Release|Any CPU = Release|Any CPU
	EndGlobalSection
	GlobalSection(ProjectConfigurationPlatforms) = postSolution
		{FFDB136C-49E1-4FEA-B335-4C4C0E48DB4D}.Debug|Any CPU.ActiveCfg = Debug|Any CPU
		{FFDB136C-49E1-4FEA-B335-4C4C0E48DB4D}.Debug|Any CPU.Build.0 = Debug|Any CPU
		{FFDB136C-49E1-4FEA-B335-4C4C0E48DB4D}.Release|Any CPU.ActiveCfg = Release|Any CPU
		{FFDB136C-49E1-4FEA-B335-4C4C0E48DB4D}.Release|Any CPU.Build.0 = Release|Any CPU
	EndGlobalSection
	GlobalSection(SolutionProperties) = preSolution
		HideSolutionNode = FALSE
	EndGlobalSection
	GlobalSection(ExtensibilityGlobals) = postSolution
		SolutionGuid = {93AF454B-E705-4311-ACFB-E76EFD241DE0}
	EndGlobalSection
EndGlobal
